
Microsoft Visual Studio Solution File, Format Version 12.00
# Visual Studio Version 17
VisualStudioVersion = 17.9.34701.34
MinimumVisualStudioVersion = 10.0.40219.1
Project("{FAE04EC0-301F-11D3-BF4B-00C04F79EFBC}") = "proje", "proje\proje.csproj", "{7E0B5120-5070-4D0C-9734-A2E03B154EC7}"
EndProject
Global
	GlobalSection(SolutionConfigurationPlatforms) = preSolution
		Debug|Any CPU = Debug|Any CPU
		Release|Any CPU = Release|Any CPU
	EndGlobalSection
	GlobalSection(ProjectConfigurationPlatforms) = postSolution
		{7E0B5120-5070-4D0C-9734-A2E03B154EC7}.Debug|Any CPU.ActiveCfg = Debug|Any CPU
		{7E0B5120-5070-4D0C-9734-A2E03B154EC7}.Debug|Any CPU.Build.0 = Debug|Any CPU
		{7E0B5120-5070-4D0C-9734-A2E03B154EC7}.Release|Any CPU.ActiveCfg = Release|Any CPU
		{7E0B5120-5070-4D0C-9734-A2E03B154EC7}.Release|Any CPU.Build.0 = Release|Any CPU
	EndGlobalSection
	GlobalSection(SolutionProperties) = preSolution
		HideSolutionNode = FALSE
	EndGlobalSection
	GlobalSection(ExtensibilityGlobals) = postSolution
		SolutionGuid = {1C543D84-C822-409A-A39C-399E2FDAD9E6}
	EndGlobalSection
EndGlobal
